
Microsoft Visual Studio Solution File, Format Version 12.00
# Visual Studio 15
Project("{FAE04EC0-301F-11D3-BF4B-00C04F79EFBC}") = "RadicalForge.Blockout.Editor", "RadicalForge.Blockout.Editor.csproj", "{B23797CE-D67C-27A0-D2F8-25F6D07117DE}"
EndProject
Project("{FAE04EC0-301F-11D3-BF4B-00C04F79EFBC}") = "RadicalForge.Blockout", "RadicalForge.Blockout.csproj", "{40BB7448-4E8B-2D72-C71B-9AFA08CE9150}"
EndProject
Project("{FAE04EC0-301F-11D3-BF4B-00C04F79EFBC}") = "Assembly-CSharp", "Assembly-CSharp.csproj", "{5EF33EED-30FE-D97C-2396-0E303D98BED5}"
EndProject
Project("{FAE04EC0-301F-11D3-BF4B-00C04F79EFBC}") = "Assembly-CSharp-Editor", "Assembly-CSharp-Editor.csproj", "{7E52A8B5-29B5-35F9-F2BB-9C2F200F99D5}"
EndProject
Global
	GlobalSection(SolutionConfigurationPlatforms) = preSolution
		Debug|Any CPU = Debug|Any CPU
		Release|Any CPU = Release|Any CPU
	EndGlobalSection
	GlobalSection(ProjectConfigurationPlatforms) = postSolution
		{B23797CE-D67C-27A0-D2F8-25F6D07117DE}.Debug|Any CPU.ActiveCfg = Debug|Any CPU
		{B23797CE-D67C-27A0-D2F8-25F6D07117DE}.Debug|Any CPU.Build.0 = Debug|Any CPU
		{B23797CE-D67C-27A0-D2F8-25F6D07117DE}.Release|Any CPU.ActiveCfg = Release|Any CPU
		{B23797CE-D67C-27A0-D2F8-25F6D07117DE}.Release|Any CPU.Build.0 = Release|Any CPU
		{40BB7448-4E8B-2D72-C71B-9AFA08CE9150}.Debug|Any CPU.ActiveCfg = Debug|Any CPU
		{40BB7448-4E8B-2D72-C71B-9AFA08CE9150}.Debug|Any CPU.Build.0 = Debug|Any CPU
		{40BB7448-4E8B-2D72-C71B-9AFA08CE9150}.Release|Any CPU.ActiveCfg = Release|Any CPU
		{40BB7448-4E8B-2D72-C71B-9AFA08CE9150}.Release|Any CPU.Build.0 = Release|Any CPU
		{5EF33EED-30FE-D97C-2396-0E303D98BED5}.Debug|Any CPU.ActiveCfg = Debug|Any CPU
		{5EF33EED-30FE-D97C-2396-0E303D98BED5}.Debug|Any CPU.Build.0 = Debug|Any CPU
		{5EF33EED-30FE-D97C-2396-0E303D98BED5}.Release|Any CPU.ActiveCfg = Release|Any CPU
		{5EF33EED-30FE-D97C-2396-0E303D98BED5}.Release|Any CPU.Build.0 = Release|Any CPU
		{7E52A8B5-29B5-35F9-F2BB-9C2F200F99D5}.Debug|Any CPU.ActiveCfg = Debug|Any CPU
		{7E52A8B5-29B5-35F9-F2BB-9C2F200F99D5}.Debug|Any CPU.Build.0 = Debug|Any CPU
		{7E52A8B5-29B5-35F9-F2BB-9C2F200F99D5}.Release|Any CPU.ActiveCfg = Release|Any CPU
		{7E52A8B5-29B5-35F9-F2BB-9C2F200F99D5}.Release|Any CPU.Build.0 = Release|Any CPU
	EndGlobalSection
	GlobalSection(SolutionProperties) = preSolution
		HideSolutionNode = FALSE
	EndGlobalSection
EndGlobal
